# THIS IS AN AUTOGENERATED FILE. DO NOT EDIT THIS FILE DIRECTLY.
# yarn lockfile v1
async-each@^0.1.6:
  version "0.1.6"
  resolved "https://registry.yarnpkg.com/async-each/-/async-each-0.1.6.tgz#b67e99edcddf96541e44af56290cd7d5c6e70439"

async-image-loader:
  version "2.0.3"
  resolved "https://registry.yarnpkg.com/async-image-loader/-/async-image-loader-2.0.3.tgz#9bf6f7c4b9a290391e0daa578b0e03ee2ab05d9d"
  dependencies:
    async-each "^0.1.6"
    events "^1.0.2"
    load-img "^1.0.0"

events@^1.0.2:
  version "1.1.1"
  resolved "https://registry.yarnpkg.com/events/-/events-1.1.1.tgz#9ebdb7635ad099c70dcc4c2a1f5004288e8bd924"

load-img@^1.0.0:
  version "1.0.0"
  resolved "https://registry.yarnpkg.com/load-img/-/load-img-1.0.0.tgz#09537449893c32a8709074645566c4c5faa9ac26"

